
Microsoft Visual Studio Solution File, Format Version 12.00
# Visual Studio Version 16
VisualStudioVersion = 16.0.30523.141
MinimumVisualStudioVersion = 10.0.40219.1
Project("{FAE04EC0-301F-11D3-BF4B-00C04F79EFBC}") = "02HelloWinForm", "02HelloWinForm\02HelloWinForm.csproj", "{7EA3175C-340E-4198-A24A-12A7B5F8BA11}"
EndProject
Project("{FAE04EC0-301F-11D3-BF4B-00C04F79EFBC}") = "03InterestCalculator01", "03InterestCalculator01\03InterestCalculator01.csproj", "{00B81D12-44D2-4E1D-8483-EEFE3F525310}"
EndProject
Project("{FAE04EC0-301F-11D3-BF4B-00C04F79EFBC}") = "01WinFormSICalculator", "01WinFormsSICalculator01\01WinFormSICalculator.csproj", "{8D1ED014-DB91-487F-99C2-37F3049861DC}"
EndProject
Project("{FAE04EC0-301F-11D3-BF4B-00C04F79EFBC}") = "01WinFormSICalculator02", "01WinFormSICalculator02\01WinFormSICalculator02.csproj", "{9D14CC9B-FA4C-4792-A812-2E79F55CB537}"
EndProject
Project("{FAE04EC0-301F-11D3-BF4B-00C04F79EFBC}") = "WPF01HelloWorld", "WPF01HelloWorld\WPF01HelloWorld.csproj", "{FB0025F6-6CBE-476D-8B09-7D05C8295D75}"
EndProject
Project("{2150E333-8FDC-42A3-9474-1A3956D46DE8}") = "WinFormsDemos", "WinFormsDemos", "{6F697AC1-B410-4575-AA7A-8D4FC2FF5EAF}"
EndProject
Project("{2150E333-8FDC-42A3-9474-1A3956D46DE8}") = "BasicDemos", "BasicDemos", "{883F4F8F-59F7-4680-9C10-62C3D381E81F}"
EndProject
Project("{FAE04EC0-301F-11D3-BF4B-00C04F79EFBC}") = "WPF02BasicXaml", "WPF02BasicXaml\WPF02BasicXaml.csproj", "{8EC49B28-3463-409E-A0D0-90EE85D27A13}"
EndProject
Project("{FAE04EC0-301F-11D3-BF4B-00C04F79EFBC}") = "WPF03BookList", "WPF03BookList\WPF03BookList.csproj", "{3B5CB8D6-44B6-4766-A1D8-6B1D9182F877}"
EndProject
Project("{FAE04EC0-301F-11D3-BF4B-00C04F79EFBC}") = "WPF04Layouts", "WPF04Layouts\WPF04Layouts.csproj", "{7503B1CF-0CD7-4378-8517-705C5CFAE988}"
EndProject
Project("{2150E333-8FDC-42A3-9474-1A3956D46DE8}") = "InterestCalculator", "InterestCalculator", "{0E8ED7C0-B093-47FA-A709-F75A51EC1DE6}"
EndProject
Project("{FAE04EC0-301F-11D3-BF4B-00C04F79EFBC}") = "IntCalc01", "IntCalc01\IntCalc01.csproj", "{FE948609-F952-4B6A-947C-6D79D94979A8}"
EndProject
Project("{FAE04EC0-301F-11D3-BF4B-00C04F79EFBC}") = "IntCalc02", "IntCalculcator02\IntCalc02.csproj", "{9149CECE-69F3-42CB-B0A2-ABC387421660}"
EndProject
Project("{FAE04EC0-301F-11D3-BF4B-00C04F79EFBC}") = "IntCalc03", "IntCalc03\IntCalc03.csproj", "{50E4A24F-4E93-49BE-AA5F-38BC35470D89}"
EndProject
Project("{FAE04EC0-301F-11D3-BF4B-00C04F79EFBC}") = "Wpf05ColorPreviewApp01", "Wpf05ColorPreviewApp01\Wpf05ColorPreviewApp01.csproj", "{72BD1EA5-320E-46A0-BE5D-7AA8F7166C31}"
EndProject
Project("{FAE04EC0-301F-11D3-BF4B-00C04F79EFBC}") = "Wpf06Binding", "Wpf06Binding\Wpf06Binding.csproj", "{B07A2D96-7F38-4D92-A523-F7F772BB2B91}"
EndProject
Project("{FAE04EC0-301F-11D3-BF4B-00C04F79EFBC}") = "Wpf07MarkupExtension", "Wpf07MarkupExtension\Wpf07MarkupExtension.csproj", "{8FE7136E-6497-4895-9C42-FCE7326B4C7D}"
EndProject
Project("{2150E333-8FDC-42A3-9474-1A3956D46DE8}") = "Commons", "Commons", "{94697AC1-F9AE-44C0-B03D-3897334097EE}"
EndProject
Project("{FAE04EC0-301F-11D3-BF4B-00C04F79EFBC}") = "ConceptArchitect.Wpf", "ConceptArchitect.Wpf\ConceptArchitect.Wpf.csproj", "{2A56A05A-B960-46D0-8717-8E5527168A1F}"
EndProject
Project("{FAE04EC0-301F-11D3-BF4B-00C04F79EFBC}") = "Wpf08Resource", "Wpf08Resource\Wpf08Resource.csproj", "{DFB0B31E-7E0B-4B13-8AEC-CC773D714A79}"
EndProject
Project("{FAE04EC0-301F-11D3-BF4B-00C04F79EFBC}") = "Wpf09ResourcesAndRoutedEvents", "Wpf09ResourcesAndRoutedEvents\Wpf09ResourcesAndRoutedEvents.csproj", "{E6076E00-F269-4924-AAB4-F17265087241}"
EndProject
Project("{FAE04EC0-301F-11D3-BF4B-00C04F79EFBC}") = "Wpf10BindingFeatures", "Wpf10BindingFeatures\Wpf10BindingFeatures.csproj", "{609B4264-5189-42B5-B7BC-B9A30BE0AC38}"
EndProject
Project("{FAE04EC0-301F-11D3-BF4B-00C04F79EFBC}") = "IntCalc04DataContext", "IntCalc04DataContext\IntCalc04DataContext.csproj", "{5D543477-C40F-4BA4-9F12-441B2DD02D72}"
EndProject
Project("{FAE04EC0-301F-11D3-BF4B-00C04F79EFBC}") = "IntCalc05", "IntCalc05\IntCalc05.csproj", "{611712F0-23D7-4B22-9AA6-850F0FC52F7E}"
EndProject
Project("{FAE04EC0-301F-11D3-BF4B-00C04F79EFBC}") = "IntCalc06", "IntCalc06\IntCalc06.csproj", "{06F4BD9C-E0E3-40EE-8701-71CC4F2DDFAB}"
EndProject
Project("{FAE04EC0-301F-11D3-BF4B-00C04F79EFBC}") = "IntCalc07", "IntCalc07\IntCalc07.csproj", "{465558CB-D1B3-4E02-BD42-C62E80B08456}"
EndProject
Global
	GlobalSection(SolutionConfigurationPlatforms) = preSolution
		Debug|Any CPU = Debug|Any CPU
		Release|Any CPU = Release|Any CPU
	EndGlobalSection
	GlobalSection(ProjectConfigurationPlatforms) = postSolution
		{7EA3175C-340E-4198-A24A-12A7B5F8BA11}.Debug|Any CPU.ActiveCfg = Debug|Any CPU
		{7EA3175C-340E-4198-A24A-12A7B5F8BA11}.Debug|Any CPU.Build.0 = Debug|Any CPU
		{7EA3175C-340E-4198-A24A-12A7B5F8BA11}.Release|Any CPU.ActiveCfg = Release|Any CPU
		{7EA3175C-340E-4198-A24A-12A7B5F8BA11}.Release|Any CPU.Build.0 = Release|Any CPU
		{00B81D12-44D2-4E1D-8483-EEFE3F525310}.Debug|Any CPU.ActiveCfg = Debug|Any CPU
		{00B81D12-44D2-4E1D-8483-EEFE3F525310}.Debug|Any CPU.Build.0 = Debug|Any CPU
		{00B81D12-44D2-4E1D-8483-EEFE3F525310}.Release|Any CPU.ActiveCfg = Release|Any CPU
		{00B81D12-44D2-4E1D-8483-EEFE3F525310}.Release|Any CPU.Build.0 = Release|Any CPU
		{8D1ED014-DB91-487F-99C2-37F3049861DC}.Debug|Any CPU.ActiveCfg = Debug|Any CPU
		{8D1ED014-DB91-487F-99C2-37F3049861DC}.Debug|Any CPU.Build.0 = Debug|Any CPU
		{8D1ED014-DB91-487F-99C2-37F3049861DC}.Release|Any CPU.ActiveCfg = Release|Any CPU
		{8D1ED014-DB91-487F-99C2-37F3049861DC}.Release|Any CPU.Build.0 = Release|Any CPU
		{9D14CC9B-FA4C-4792-A812-2E79F55CB537}.Debug|Any CPU.ActiveCfg = Debug|Any CPU
		{9D14CC9B-FA4C-4792-A812-2E79F55CB537}.Debug|Any CPU.Build.0 = Debug|Any CPU
		{9D14CC9B-FA4C-4792-A812-2E79F55CB537}.Release|Any CPU.ActiveCfg = Release|Any CPU
		{9D14CC9B-FA4C-4792-A812-2E79F55CB537}.Release|Any CPU.Build.0 = Release|Any CPU
		{FB0025F6-6CBE-476D-8B09-7D05C8295D75}.Debug|Any CPU.ActiveCfg = Debug|Any CPU
		{FB0025F6-6CBE-476D-8B09-7D05C8295D75}.Debug|Any CPU.Build.0 = Debug|Any CPU
		{FB0025F6-6CBE-476D-8B09-7D05C8295D75}.Release|Any CPU.ActiveCfg = Release|Any CPU
		{FB0025F6-6CBE-476D-8B09-7D05C8295D75}.Release|Any CPU.Build.0 = Release|Any CPU
		{8EC49B28-3463-409E-A0D0-90EE85D27A13}.Debug|Any CPU.ActiveCfg = Debug|Any CPU
		{8EC49B28-3463-409E-A0D0-90EE85D27A13}.Debug|Any CPU.Build.0 = Debug|Any CPU
		{8EC49B28-3463-409E-A0D0-90EE85D27A13}.Release|Any CPU.ActiveCfg = Release|Any CPU
		{8EC49B28-3463-409E-A0D0-90EE85D27A13}.Release|Any CPU.Build.0 = Release|Any CPU
		{3B5CB8D6-44B6-4766-A1D8-6B1D9182F877}.Debug|Any CPU.ActiveCfg = Debug|Any CPU
		{3B5CB8D6-44B6-4766-A1D8-6B1D9182F877}.Debug|Any CPU.Build.0 = Debug|Any CPU
		{3B5CB8D6-44B6-4766-A1D8-6B1D9182F877}.Release|Any CPU.ActiveCfg = Release|Any CPU
		{3B5CB8D6-44B6-4766-A1D8-6B1D9182F877}.Release|Any CPU.Build.0 = Release|Any CPU
		{7503B1CF-0CD7-4378-8517-705C5CFAE988}.Debug|Any CPU.ActiveCfg = Debug|Any CPU
		{7503B1CF-0CD7-4378-8517-705C5CFAE988}.Debug|Any CPU.Build.0 = Debug|Any CPU
		{7503B1CF-0CD7-4378-8517-705C5CFAE988}.Release|Any CPU.ActiveCfg = Release|Any CPU
		{7503B1CF-0CD7-4378-8517-705C5CFAE988}.Release|Any CPU.Build.0 = Release|Any CPU
		{FE948609-F952-4B6A-947C-6D79D94979A8}.Debug|Any CPU.ActiveCfg = Debug|Any CPU
		{FE948609-F952-4B6A-947C-6D79D94979A8}.Debug|Any CPU.Build.0 = Debug|Any CPU
		{FE948609-F952-4B6A-947C-6D79D94979A8}.Release|Any CPU.ActiveCfg = Release|Any CPU
		{FE948609-F952-4B6A-947C-6D79D94979A8}.Release|Any CPU.Build.0 = Release|Any CPU
		{9149CECE-69F3-42CB-B0A2-ABC387421660}.Debug|Any CPU.ActiveCfg = Debug|Any CPU
		{9149CECE-69F3-42CB-B0A2-ABC387421660}.Debug|Any CPU.Build.0 = Debug|Any CPU
		{9149CECE-69F3-42CB-B0A2-ABC387421660}.Release|Any CPU.ActiveCfg = Release|Any CPU
		{9149CECE-69F3-42CB-B0A2-ABC387421660}.Release|Any CPU.Build.0 = Release|Any CPU
		{50E4A24F-4E93-49BE-AA5F-38BC35470D89}.Debug|Any CPU.ActiveCfg = Debug|Any CPU
		{50E4A24F-4E93-49BE-AA5F-38BC35470D89}.Debug|Any CPU.Build.0 = Debug|Any CPU
		{50E4A24F-4E93-49BE-AA5F-38BC35470D89}.Release|Any CPU.ActiveCfg = Release|Any CPU
		{50E4A24F-4E93-49BE-AA5F-38BC35470D89}.Release|Any CPU.Build.0 = Release|Any CPU
		{72BD1EA5-320E-46A0-BE5D-7AA8F7166C31}.Debug|Any CPU.ActiveCfg = Debug|Any CPU
		{72BD1EA5-320E-46A0-BE5D-7AA8F7166C31}.Debug|Any CPU.Build.0 = Debug|Any CPU
		{72BD1EA5-320E-46A0-BE5D-7AA8F7166C31}.Release|Any CPU.ActiveCfg = Release|Any CPU
		{72BD1EA5-320E-46A0-BE5D-7AA8F7166C31}.Release|Any CPU.Build.0 = Release|Any CPU
		{B07A2D96-7F38-4D92-A523-F7F772BB2B91}.Debug|Any CPU.ActiveCfg = Debug|Any CPU
		{B07A2D96-7F38-4D92-A523-F7F772BB2B91}.Debug|Any CPU.Build.0 = Debug|Any CPU
		{B07A2D96-7F38-4D92-A523-F7F772BB2B91}.Release|Any CPU.ActiveCfg = Release|Any CPU
		{B07A2D96-7F38-4D92-A523-F7F772BB2B91}.Release|Any CPU.Build.0 = Release|Any CPU
		{8FE7136E-6497-4895-9C42-FCE7326B4C7D}.Debug|Any CPU.ActiveCfg = Debug|Any CPU
		{8FE7136E-6497-4895-9C42-FCE7326B4C7D}.Debug|Any CPU.Build.0 = Debug|Any CPU
		{8FE7136E-6497-4895-9C42-FCE7326B4C7D}.Release|Any CPU.ActiveCfg = Release|Any CPU
		{8FE7136E-6497-4895-9C42-FCE7326B4C7D}.Release|Any CPU.Build.0 = Release|Any CPU
		{2A56A05A-B960-46D0-8717-8E5527168A1F}.Debug|Any CPU.ActiveCfg = Debug|Any CPU
		{2A56A05A-B960-46D0-8717-8E5527168A1F}.Debug|Any CPU.Build.0 = Debug|Any CPU
		{2A56A05A-B960-46D0-8717-8E5527168A1F}.Release|Any CPU.ActiveCfg = Release|Any CPU
		{2A56A05A-B960-46D0-8717-8E5527168A1F}.Release|Any CPU.Build.0 = Release|Any CPU
		{DFB0B31E-7E0B-4B13-8AEC-CC773D714A79}.Debug|Any CPU.ActiveCfg = Debug|Any CPU
		{DFB0B31E-7E0B-4B13-8AEC-CC773D714A79}.Debug|Any CPU.Build.0 = Debug|Any CPU
		{DFB0B31E-7E0B-4B13-8AEC-CC773D714A79}.Release|Any CPU.ActiveCfg = Release|Any CPU
		{DFB0B31E-7E0B-4B13-8AEC-CC773D714A79}.Release|Any CPU.Build.0 = Release|Any CPU
		{E6076E00-F269-4924-AAB4-F17265087241}.Debug|Any CPU.ActiveCfg = Debug|Any CPU
		{E6076E00-F269-4924-AAB4-F17265087241}.Debug|Any CPU.Build.0 = Debug|Any CPU
		{E6076E00-F269-4924-AAB4-F17265087241}.Release|Any CPU.ActiveCfg = Release|Any CPU
		{E6076E00-F269-4924-AAB4-F17265087241}.Release|Any CPU.Build.0 = Release|Any CPU
		{609B4264-5189-42B5-B7BC-B9A30BE0AC38}.Debug|Any CPU.ActiveCfg = Debug|Any CPU
		{609B4264-5189-42B5-B7BC-B9A30BE0AC38}.Debug|Any CPU.Build.0 = Debug|Any CPU
		{609B4264-5189-42B5-B7BC-B9A30BE0AC38}.Release|Any CPU.ActiveCfg = Release|Any CPU
		{609B4264-5189-42B5-B7BC-B9A30BE0AC38}.Release|Any CPU.Build.0 = Release|Any CPU
		{5D543477-C40F-4BA4-9F12-441B2DD02D72}.Debug|Any CPU.ActiveCfg = Debug|Any CPU
		{5D543477-C40F-4BA4-9F12-441B2DD02D72}.Debug|Any CPU.Build.0 = Debug|Any CPU
		{5D543477-C40F-4BA4-9F12-441B2DD02D72}.Release|Any CPU.ActiveCfg = Release|Any CPU
		{5D543477-C40F-4BA4-9F12-441B2DD02D72}.Release|Any CPU.Build.0 = Release|Any CPU
		{611712F0-23D7-4B22-9AA6-850F0FC52F7E}.Debug|Any CPU.ActiveCfg = Debug|Any CPU
		{611712F0-23D7-4B22-9AA6-850F0FC52F7E}.Debug|Any CPU.Build.0 = Debug|Any CPU
		{611712F0-23D7-4B22-9AA6-850F0FC52F7E}.Release|Any CPU.ActiveCfg = Release|Any CPU
		{611712F0-23D7-4B22-9AA6-850F0FC52F7E}.Release|Any CPU.Build.0 = Release|Any CPU
		{06F4BD9C-E0E3-40EE-8701-71CC4F2DDFAB}.Debug|Any CPU.ActiveCfg = Debug|Any CPU
		{06F4BD9C-E0E3-40EE-8701-71CC4F2DDFAB}.Debug|Any CPU.Build.0 = Debug|Any CPU
		{06F4BD9C-E0E3-40EE-8701-71CC4F2DDFAB}.Release|Any CPU.ActiveCfg = Release|Any CPU
		{06F4BD9C-E0E3-40EE-8701-71CC4F2DDFAB}.Release|Any CPU.Build.0 = Release|Any CPU
		{465558CB-D1B3-4E02-BD42-C62E80B08456}.Debug|Any CPU.ActiveCfg = Debug|Any CPU
		{465558CB-D1B3-4E02-BD42-C62E80B08456}.Debug|Any CPU.Build.0 = Debug|Any CPU
		{465558CB-D1B3-4E02-BD42-C62E80B08456}.Release|Any CPU.ActiveCfg = Release|Any CPU
		{465558CB-D1B3-4E02-BD42-C62E80B08456}.Release|Any CPU.Build.0 = Release|Any CPU
	EndGlobalSection
	GlobalSection(SolutionProperties) = preSolution
		HideSolutionNode = FALSE
	EndGlobalSection
	GlobalSection(NestedProjects) = preSolution
		{7EA3175C-340E-4198-A24A-12A7B5F8BA11} = {6F697AC1-B410-4575-AA7A-8D4FC2FF5EAF}
		{00B81D12-44D2-4E1D-8483-EEFE3F525310} = {883F4F8F-59F7-4680-9C10-62C3D381E81F}
		{8D1ED014-DB91-487F-99C2-37F3049861DC} = {6F697AC1-B410-4575-AA7A-8D4FC2FF5EAF}
		{9D14CC9B-FA4C-4792-A812-2E79F55CB537} = {6F697AC1-B410-4575-AA7A-8D4FC2FF5EAF}
		{FB0025F6-6CBE-476D-8B09-7D05C8295D75} = {883F4F8F-59F7-4680-9C10-62C3D381E81F}
		{8EC49B28-3463-409E-A0D0-90EE85D27A13} = {883F4F8F-59F7-4680-9C10-62C3D381E81F}
		{3B5CB8D6-44B6-4766-A1D8-6B1D9182F877} = {883F4F8F-59F7-4680-9C10-62C3D381E81F}
		{7503B1CF-0CD7-4378-8517-705C5CFAE988} = {883F4F8F-59F7-4680-9C10-62C3D381E81F}
		{FE948609-F952-4B6A-947C-6D79D94979A8} = {0E8ED7C0-B093-47FA-A709-F75A51EC1DE6}
		{9149CECE-69F3-42CB-B0A2-ABC387421660} = {0E8ED7C0-B093-47FA-A709-F75A51EC1DE6}
		{50E4A24F-4E93-49BE-AA5F-38BC35470D89} = {0E8ED7C0-B093-47FA-A709-F75A51EC1DE6}
		{72BD1EA5-320E-46A0-BE5D-7AA8F7166C31} = {883F4F8F-59F7-4680-9C10-62C3D381E81F}
		{B07A2D96-7F38-4D92-A523-F7F772BB2B91} = {883F4F8F-59F7-4680-9C10-62C3D381E81F}
		{8FE7136E-6497-4895-9C42-FCE7326B4C7D} = {883F4F8F-59F7-4680-9C10-62C3D381E81F}
		{2A56A05A-B960-46D0-8717-8E5527168A1F} = {94697AC1-F9AE-44C0-B03D-3897334097EE}
		{DFB0B31E-7E0B-4B13-8AEC-CC773D714A79} = {883F4F8F-59F7-4680-9C10-62C3D381E81F}
		{E6076E00-F269-4924-AAB4-F17265087241} = {883F4F8F-59F7-4680-9C10-62C3D381E81F}
		{609B4264-5189-42B5-B7BC-B9A30BE0AC38} = {883F4F8F-59F7-4680-9C10-62C3D381E81F}
		{5D543477-C40F-4BA4-9F12-441B2DD02D72} = {0E8ED7C0-B093-47FA-A709-F75A51EC1DE6}
		{611712F0-23D7-4B22-9AA6-850F0FC52F7E} = {0E8ED7C0-B093-47FA-A709-F75A51EC1DE6}
		{06F4BD9C-E0E3-40EE-8701-71CC4F2DDFAB} = {0E8ED7C0-B093-47FA-A709-F75A51EC1DE6}
		{465558CB-D1B3-4E02-BD42-C62E80B08456} = {0E8ED7C0-B093-47FA-A709-F75A51EC1DE6}
	EndGlobalSection
	GlobalSection(ExtensibilityGlobals) = postSolution
		SolutionGuid = {751F2633-CBC4-4DEE-B646-333FF49CF3A6}
	EndGlobalSection
EndGlobal
